
Microsoft Visual Studio Solution File, Format Version 12.00
# Visual Studio Version 17
VisualStudioVersion = 17.8.34525.116
MinimumVisualStudioVersion = 10.0.40219.1
Project("{9A19103F-16F7-4668-BE54-9A1E7A4F7556}") = "AbxClient", "AbxClient.csproj", "{C3EE06C7-D1A3-4D8B-B28A-73BC96A600CE}"
EndProject
Global
	GlobalSection(SolutionConfigurationPlatforms) = preSolution
		Debug|Any CPU = Debug|Any CPU
		Release|Any CPU = Release|Any CPU
	EndGlobalSection
	GlobalSection(ProjectConfigurationPlatforms) = postSolution
		{C3EE06C7-D1A3-4D8B-B28A-73BC96A600CE}.Debug|Any CPU.ActiveCfg = Debug|Any CPU
		{C3EE06C7-D1A3-4D8B-B28A-73BC96A600CE}.Debug|Any CPU.Build.0 = Debug|Any CPU
		{C3EE06C7-D1A3-4D8B-B28A-73BC96A600CE}.Release|Any CPU.ActiveCfg = Release|Any CPU
		{C3EE06C7-D1A3-4D8B-B28A-73BC96A600CE}.Release|Any CPU.Build.0 = Release|Any CPU
	EndGlobalSection
	GlobalSection(SolutionProperties) = preSolution
		HideSolutionNode = FALSE
	EndGlobalSection
	GlobalSection(ExtensibilityGlobals) = postSolution
		SolutionGuid = {B23249EA-AEB5-4C47-8285-3CD9007243E3}
	EndGlobalSection
EndGlobal
